
Microsoft Visual Studio Solution File, Format Version 11.00
# Visual Studio 2010
Project("{FAE04EC0-301F-11D3-BF4B-00C04F79EFBC}") = "Dice2", "Assembly-CSharp-firstpass.csproj", "{38AD1EFB-865F-B2FE-E851-FFC4EE096C7B}"
EndProject
Project("{FAE04EC0-301F-11D3-BF4B-00C04F79EFBC}") = "Dice2", "Assembly-CSharp.csproj", "{A9BB6E9F-CFE8-B201-1368-F4E931BE6229}"
EndProject
Global
	GlobalSection(SolutionConfigurationPlatforms) = preSolution
		Debug|Any CPU = Debug|Any CPU
		Release|Any CPU = Release|Any CPU
	EndGlobalSection
	GlobalSection(ProjectConfigurationPlatforms) = postSolution
		{38AD1EFB-865F-B2FE-E851-FFC4EE096C7B}.Debug|Any CPU.ActiveCfg = Debug|Any CPU
		{38AD1EFB-865F-B2FE-E851-FFC4EE096C7B}.Debug|Any CPU.Build.0 = Debug|Any CPU
		{38AD1EFB-865F-B2FE-E851-FFC4EE096C7B}.Release|Any CPU.ActiveCfg = Release|Any CPU
		{38AD1EFB-865F-B2FE-E851-FFC4EE096C7B}.Release|Any CPU.Build.0 = Release|Any CPU
		{A9BB6E9F-CFE8-B201-1368-F4E931BE6229}.Debug|Any CPU.ActiveCfg = Debug|Any CPU
		{A9BB6E9F-CFE8-B201-1368-F4E931BE6229}.Debug|Any CPU.Build.0 = Debug|Any CPU
		{A9BB6E9F-CFE8-B201-1368-F4E931BE6229}.Release|Any CPU.ActiveCfg = Release|Any CPU
		{A9BB6E9F-CFE8-B201-1368-F4E931BE6229}.Release|Any CPU.Build.0 = Release|Any CPU
	EndGlobalSection
	GlobalSection(SolutionProperties) = preSolution
		HideSolutionNode = FALSE
	EndGlobalSection
	GlobalSection(MonoDevelopProperties) = preSolution
		StartupItem = Assembly-CSharp.csproj
	EndGlobalSection
EndGlobal
