
Microsoft Visual Studio Solution File, Format Version 11.00
# Visual Studio 2010
Project("{FAE04EC0-301F-11D3-BF4B-00C04F79EFBC}") = "Dice3", "Assembly-CSharp-firstpass.csproj", "{2ED8125A-080E-E73B-7DC1-C8F8A985769C}"
EndProject
Project("{FAE04EC0-301F-11D3-BF4B-00C04F79EFBC}") = "Dice3", "Assembly-CSharp.csproj", "{4425B86B-AF43-C54A-2FA8-7283F3DA67CC}"
EndProject
Global
	GlobalSection(SolutionConfigurationPlatforms) = preSolution
		Debug|Any CPU = Debug|Any CPU
		Release|Any CPU = Release|Any CPU
	EndGlobalSection
	GlobalSection(ProjectConfigurationPlatforms) = postSolution
		{2ED8125A-080E-E73B-7DC1-C8F8A985769C}.Debug|Any CPU.ActiveCfg = Debug|Any CPU
		{2ED8125A-080E-E73B-7DC1-C8F8A985769C}.Debug|Any CPU.Build.0 = Debug|Any CPU
		{2ED8125A-080E-E73B-7DC1-C8F8A985769C}.Release|Any CPU.ActiveCfg = Release|Any CPU
		{2ED8125A-080E-E73B-7DC1-C8F8A985769C}.Release|Any CPU.Build.0 = Release|Any CPU
		{4425B86B-AF43-C54A-2FA8-7283F3DA67CC}.Debug|Any CPU.ActiveCfg = Debug|Any CPU
		{4425B86B-AF43-C54A-2FA8-7283F3DA67CC}.Debug|Any CPU.Build.0 = Debug|Any CPU
		{4425B86B-AF43-C54A-2FA8-7283F3DA67CC}.Release|Any CPU.ActiveCfg = Release|Any CPU
		{4425B86B-AF43-C54A-2FA8-7283F3DA67CC}.Release|Any CPU.Build.0 = Release|Any CPU
	EndGlobalSection
	GlobalSection(SolutionProperties) = preSolution
		HideSolutionNode = FALSE
	EndGlobalSection
	GlobalSection(MonoDevelopProperties) = preSolution
		StartupItem = Assembly-CSharp.csproj
	EndGlobalSection
EndGlobal
